// !$*UTF8*$!
{
	archiveVersion = 1;
	classes = {
	};
	objectVersion = 50;
	objects = {

/* Begin PBXBuildFile section */
		84008B9623603A4400BD633F /* AppDelegate.swift in Sources */ = {isa = PBXBuildFile; fileRef = 84008B9523603A4400BD633F /* AppDelegate.swift */; };
		84008B9823603A4400BD633F /* ViewController.swift in Sources */ = {isa = PBXBuildFile; fileRef = 84008B9723603A4400BD633F /* ViewController.swift */; };
		84008B9B23603A4400BD633F /* Main.storyboard in Resources */ = {isa = PBXBuildFile; fileRef = 84008B9923603A4400BD633F /* Main.storyboard */; };
		84008B9D23603A5100BD633F /* Assets.xcassets in Resources */ = {isa = PBXBuildFile; fileRef = 84008B9C23603A5100BD633F /* Assets.xcassets */; };
		84008BA023603A5100BD633F /* LaunchScreen.storyboard in Resources */ = {isa = PBXBuildFile; fileRef = 84008B9E23603A5100BD633F /* LaunchScreen.storyboard */; };
		84008BAB23603A5100BD633F /* just_exploring_3Tests.swift in Sources */ = {isa = PBXBuildFile; fileRef = 84008BAA23603A5100BD633F /* just_exploring_3Tests.swift */; };
		84008BB623603A5100BD633F /* just_exploring_3UITests.swift in Sources */ = {isa = PBXBuildFile; fileRef = 84008BB523603A5100BD633F /* just_exploring_3UITests.swift */; };
		84008BC523604D7000BD633F /* AVFoundation.framework in Frameworks */ = {isa = PBXBuildFile; fileRef = 84008BC423604D7000BD633F /* AVFoundation.framework */; };
		84008BC723604D8000BD633F /* AVKit.framework in Frameworks */ = {isa = PBXBuildFile; fileRef = 84008BC623604D8000BD633F /* AVKit.framework */; };
		84559EE1237A9FB0005B8342 /* TableViewMusicCell.swift in Sources */ = {isa = PBXBuildFile; fileRef = 84559EE0237A9FB0005B8342 /* TableViewMusicCell.swift */; };
		84559EE4237BFFFB005B8342 /* AVAudioSessionPatch.m in Sources */ = {isa = PBXBuildFile; fileRef = 84559EE3237BFFFB005B8342 /* AVAudioSessionPatch.m */; };
		8498DB89236524F90036B1F6 /* LoginVC.swift in Sources */ = {isa = PBXBuildFile; fileRef = 8498DB88236524F90036B1F6 /* LoginVC.swift */; };
		8498DB8B236559830036B1F6 /* RequestHandler.swift in Sources */ = {isa = PBXBuildFile; fileRef = 8498DB8A236559830036B1F6 /* RequestHandler.swift */; };
		8498DB8D23661DF80036B1F6 /* BrowseTVC.swift in Sources */ = {isa = PBXBuildFile; fileRef = 8498DB8C23661DF80036B1F6 /* BrowseTVC.swift */; };
		8498DB8F236651080036B1F6 /* TransferHandler.swift in Sources */ = {isa = PBXBuildFile; fileRef = 8498DB8E236651080036B1F6 /* TransferHandler.swift */; };
		8498DB91236652D00036B1F6 /* AVPlayerVC.swift in Sources */ = {isa = PBXBuildFile; fileRef = 8498DB90236652D00036B1F6 /* AVPlayerVC.swift */; };
		8498DB9923669FA50036B1F6 /* PlayQueueTVC.swift in Sources */ = {isa = PBXBuildFile; fileRef = 8498DB9823669FA50036B1F6 /* PlayQueueTVC.swift */; };
		84D137D82363F0C0006A2DE0 /* libc++.tbd in Frameworks */ = {isa = PBXBuildFile; fileRef = 84D137D72363F0BF006A2DE0 /* libc++.tbd */; };
		84D137E22363F272006A2DE0 /* libresolv.tbd in Frameworks */ = {isa = PBXBuildFile; fileRef = 84D137E12363F272006A2DE0 /* libresolv.tbd */; };
		84D137E42363F344006A2DE0 /* CoreServices.framework in Frameworks */ = {isa = PBXBuildFile; fileRef = 84D137E32363F343006A2DE0 /* CoreServices.framework */; };
		84D137E62363F37F006A2DE0 /* CoreMedia.framework in Frameworks */ = {isa = PBXBuildFile; fileRef = 84D137E52363F37F006A2DE0 /* CoreMedia.framework */; };
		C90DCBB325FE0E310097792C /* SongsCpp.mm in Sources */ = {isa = PBXBuildFile; fileRef = C90DCBB225FE0E310097792C /* SongsCpp.mm */; };
		C90DCBBC25FE162A0097792C /* libtag.a in Frameworks */ = {isa = PBXBuildFile; fileRef = C90DCBBA25FE162A0097792C /* libtag.a */; };
		C90DCBBD25FE162A0097792C /* libtag_c.a in Frameworks */ = {isa = PBXBuildFile; fileRef = C90DCBBB25FE162A0097792C /* libtag_c.a */; };
		C94FF3892411021800184998 /* EditSongVC.swift in Sources */ = {isa = PBXBuildFile; fileRef = C94FF3882411021800184998 /* EditSongVC.swift */; };
		C962CA2325DF0F0300A77721 /* libsodium.a in Frameworks */ = {isa = PBXBuildFile; fileRef = C962CA2225DF0F0300A77721 /* libsodium.a */; };
		C962CA2825DF0F3400A77721 /* libcares.a in Frameworks */ = {isa = PBXBuildFile; fileRef = C962CA2725DF0F3400A77721 /* libcares.a */; };
		C962CA2A25DF0F4100A77721 /* libcryptopp.a in Frameworks */ = {isa = PBXBuildFile; fileRef = C962CA2925DF0F4100A77721 /* libcryptopp.a */; };
		C962CA2C25DF0F4700A77721 /* libcurl.a in Frameworks */ = {isa = PBXBuildFile; fileRef = C962CA2B25DF0F4700A77721 /* libcurl.a */; };
		C962CA3125DF0F5000A77721 /* libz.a in Frameworks */ = {isa = PBXBuildFile; fileRef = C962CA3025DF0F5000A77721 /* libz.a */; };
		C962CA6225DF76A300A77721 /* libMEGASDK.a in Frameworks */ = {isa = PBXBuildFile; fileRef = C962CA6125DF76A300A77721 /* libMEGASDK.a */; };
		C962CA6725DF77F300A77721 /* libssl.a in Frameworks */ = {isa = PBXBuildFile; fileRef = C962CA6625DF77F300A77721 /* libssl.a */; };
		C962CA6C25DF783400A77721 /* libcrypto.a in Frameworks */ = {isa = PBXBuildFile; fileRef = C962CA6B25DF783400A77721 /* libcrypto.a */; };
		C962CA7125DF784F00A77721 /* libsqlite3.a in Frameworks */ = {isa = PBXBuildFile; fileRef = C962CA7025DF784F00A77721 /* libsqlite3.a */; };
		C962CA7325DF785E00A77721 /* libmediainfo.a in Frameworks */ = {isa = PBXBuildFile; fileRef = C962CA7225DF785E00A77721 /* libmediainfo.a */; };
		C962CA7525DF786600A77721 /* libzen.a in Frameworks */ = {isa = PBXBuildFile; fileRef = C962CA7425DF786600A77721 /* libzen.a */; };
		C96F3AD523BFC799008BF07D /* LoginStateModel.swift in Sources */ = {isa = PBXBuildFile; fileRef = C96F3AD423BFC799008BF07D /* LoginStateModel.swift */; };
		C96F3AD723BFC995008BF07D /* PlayQueueModel.swift in Sources */ = {isa = PBXBuildFile; fileRef = C96F3AD623BFC995008BF07D /* PlayQueueModel.swift */; };
		C96F3AD923BFDB87008BF07D /* MenuVC.swift in Sources */ = {isa = PBXBuildFile; fileRef = C96F3AD823BFDB87008BF07D /* MenuVC.swift */; };
		C96F3ADD23C01A07008BF07D /* StorageModel.swift in Sources */ = {isa = PBXBuildFile; fileRef = C96F3ADC23C01A07008BF07D /* StorageModel.swift */; };
		C972610023C72FAC0029871E /* MainTabBarController.swift in Sources */ = {isa = PBXBuildFile; fileRef = C97260FF23C72FAC0029871E /* MainTabBarController.swift */; };
		C9D30240259834D400D52ADF /* PlaylistTVC.swift in Sources */ = {isa = PBXBuildFile; fileRef = C9D3023F259834D400D52ADF /* PlaylistTVC.swift */; };
/* End PBXBuildFile section */

/* Begin PBXContainerItemProxy section */
		84008BA723603A5100BD633F /* PBXContainerItemProxy */ = {
			isa = PBXContainerItemProxy;
			containerPortal = 84008B8A23603A4400BD633F /* Project object */;
			proxyType = 1;
			remoteGlobalIDString = 84008B9123603A4400BD633F;
			remoteInfo = "just-exploring-3";
		};
		84008BB223603A5100BD633F /* PBXContainerItemProxy */ = {
			isa = PBXContainerItemProxy;
			containerPortal = 84008B8A23603A4400BD633F /* Project object */;
			proxyType = 1;
			remoteGlobalIDString = 84008B9123603A4400BD633F;
			remoteInfo = "just-exploring-3";
		};
		C962CA4E25DF6F1B00A77721 /* PBXContainerItemProxy */ = {
			isa = PBXContainerItemProxy;
			containerPortal = C962CA4A25DF6F1B00A77721 /* MEGASDK.xcodeproj */;
			proxyType = 2;
			remoteGlobalIDString = 9472044319ED916F00F6805F;
			remoteInfo = MEGASDK;
		};
/* End PBXContainerItemProxy section */

/* Begin PBXFileReference section */
		84008B9223603A4400BD633F /* Songs++.app */ = {isa = PBXFileReference; explicitFileType = wrapper.application; includeInIndex = 0; path = "Songs++.app"; sourceTree = BUILT_PRODUCTS_DIR; };
		84008B9523603A4400BD633F /* AppDelegate.swift */ = {isa = PBXFileReference; lastKnownFileType = sourcecode.swift; path = AppDelegate.swift; sourceTree = "<group>"; };
		84008B9723603A4400BD633F /* ViewController.swift */ = {isa = PBXFileReference; lastKnownFileType = sourcecode.swift; path = ViewController.swift; sourceTree = "<group>"; };
		84008B9A23603A4400BD633F /* Base */ = {isa = PBXFileReference; lastKnownFileType = file.storyboard; name = Base; path = Base.lproj/Main.storyboard; sourceTree = "<group>"; };
		84008B9C23603A5100BD633F /* Assets.xcassets */ = {isa = PBXFileReference; lastKnownFileType = folder.assetcatalog; path = Assets.xcassets; sourceTree = "<group>"; };
		84008B9F23603A5100BD633F /* Base */ = {isa = PBXFileReference; lastKnownFileType = file.storyboard; name = Base; path = Base.lproj/LaunchScreen.storyboard; sourceTree = "<group>"; };
		84008BA123603A5100BD633F /* Info.plist */ = {isa = PBXFileReference; lastKnownFileType = text.plist.xml; path = Info.plist; sourceTree = "<group>"; };
		84008BA623603A5100BD633F /* Songs++Tests.xctest */ = {isa = PBXFileReference; explicitFileType = wrapper.cfbundle; includeInIndex = 0; path = "Songs++Tests.xctest"; sourceTree = BUILT_PRODUCTS_DIR; };
		84008BAA23603A5100BD633F /* just_exploring_3Tests.swift */ = {isa = PBXFileReference; lastKnownFileType = sourcecode.swift; path = just_exploring_3Tests.swift; sourceTree = "<group>"; };
		84008BAC23603A5100BD633F /* Info.plist */ = {isa = PBXFileReference; lastKnownFileType = text.plist.xml; path = Info.plist; sourceTree = "<group>"; };
		84008BB123603A5100BD633F /* Songs++UITests.xctest */ = {isa = PBXFileReference; explicitFileType = wrapper.cfbundle; includeInIndex = 0; path = "Songs++UITests.xctest"; sourceTree = BUILT_PRODUCTS_DIR; };
		84008BB523603A5100BD633F /* just_exploring_3UITests.swift */ = {isa = PBXFileReference; lastKnownFileType = sourcecode.swift; path = just_exploring_3UITests.swift; sourceTree = "<group>"; };
		84008BB723603A5100BD633F /* Info.plist */ = {isa = PBXFileReference; lastKnownFileType = text.plist.xml; path = Info.plist; sourceTree = "<group>"; };
		84008BC423604D7000BD633F /* AVFoundation.framework */ = {isa = PBXFileReference; lastKnownFileType = wrapper.framework; name = AVFoundation.framework; path = System/Library/Frameworks/AVFoundation.framework; sourceTree = SDKROOT; };
		84008BC623604D8000BD633F /* AVKit.framework */ = {isa = PBXFileReference; lastKnownFileType = wrapper.framework; name = AVKit.framework; path = System/Library/Frameworks/AVKit.framework; sourceTree = SDKROOT; };
		842092B22363D60000DDE338 /* Bridging-Header.h */ = {isa = PBXFileReference; lastKnownFileType = sourcecode.c.h; path = "Bridging-Header.h"; sourceTree = "<group>"; };
		8439AD9123A8C6DD00BC550A /* Songs++.entitlements */ = {isa = PBXFileReference; lastKnownFileType = text.plist.entitlements; path = "Songs++.entitlements"; sourceTree = "<group>"; };
		84559EDF2372A737005B8342 /* just-exploring-3.entitlements */ = {isa = PBXFileReference; lastKnownFileType = text.plist.entitlements; path = "just-exploring-3.entitlements"; sourceTree = "<group>"; };
		84559EE0237A9FB0005B8342 /* TableViewMusicCell.swift */ = {isa = PBXFileReference; lastKnownFileType = sourcecode.swift; path = TableViewMusicCell.swift; sourceTree = "<group>"; };
		84559EE2237BFFE4005B8342 /* AVAudioSessionPatch.h */ = {isa = PBXFileReference; lastKnownFileType = sourcecode.c.h; path = AVAudioSessionPatch.h; sourceTree = "<group>"; };
		84559EE3237BFFFB005B8342 /* AVAudioSessionPatch.m */ = {isa = PBXFileReference; lastKnownFileType = sourcecode.c.objc; path = AVAudioSessionPatch.m; sourceTree = "<group>"; };
		8498DB88236524F90036B1F6 /* LoginVC.swift */ = {isa = PBXFileReference; lastKnownFileType = sourcecode.swift; path = LoginVC.swift; sourceTree = "<group>"; };
		8498DB8A236559830036B1F6 /* RequestHandler.swift */ = {isa = PBXFileReference; lastKnownFileType = sourcecode.swift; path = RequestHandler.swift; sourceTree = "<group>"; };
		8498DB8C23661DF80036B1F6 /* BrowseTVC.swift */ = {isa = PBXFileReference; lastKnownFileType = sourcecode.swift; path = BrowseTVC.swift; sourceTree = "<group>"; };
		8498DB8E236651080036B1F6 /* TransferHandler.swift */ = {isa = PBXFileReference; lastKnownFileType = sourcecode.swift; path = TransferHandler.swift; sourceTree = "<group>"; };
		8498DB90236652D00036B1F6 /* AVPlayerVC.swift */ = {isa = PBXFileReference; lastKnownFileType = sourcecode.swift; path = AVPlayerVC.swift; sourceTree = "<group>"; };
		8498DB9823669FA50036B1F6 /* PlayQueueTVC.swift */ = {isa = PBXFileReference; lastKnownFileType = sourcecode.swift; path = PlayQueueTVC.swift; sourceTree = "<group>"; };
		84D137D72363F0BF006A2DE0 /* libc++.tbd */ = {isa = PBXFileReference; lastKnownFileType = "sourcecode.text-based-dylib-definition"; name = "libc++.tbd"; path = "usr/lib/libc++.tbd"; sourceTree = SDKROOT; };
		84D137DB2363F145006A2DE0 /* libz.tbd */ = {isa = PBXFileReference; lastKnownFileType = "sourcecode.text-based-dylib-definition"; name = libz.tbd; path = usr/lib/libz.tbd; sourceTree = SDKROOT; };
		84D137DD2363F172006A2DE0 /* libsqlite3.tbd */ = {isa = PBXFileReference; lastKnownFileType = "sourcecode.text-based-dylib-definition"; name = libsqlite3.tbd; path = usr/lib/libsqlite3.tbd; sourceTree = SDKROOT; };
		84D137E12363F272006A2DE0 /* libresolv.tbd */ = {isa = PBXFileReference; lastKnownFileType = "sourcecode.text-based-dylib-definition"; name = libresolv.tbd; path = usr/lib/libresolv.tbd; sourceTree = SDKROOT; };
		84D137E32363F343006A2DE0 /* CoreServices.framework */ = {isa = PBXFileReference; lastKnownFileType = wrapper.framework; name = CoreServices.framework; path = System/Library/Frameworks/CoreServices.framework; sourceTree = SDKROOT; };
		84D137E52363F37F006A2DE0 /* CoreMedia.framework */ = {isa = PBXFileReference; lastKnownFileType = wrapper.framework; name = CoreMedia.framework; path = System/Library/Frameworks/CoreMedia.framework; sourceTree = SDKROOT; };
		C90DCBB125FE0E310097792C /* SongsCpp.h */ = {isa = PBXFileReference; fileEncoding = 4; lastKnownFileType = sourcecode.c.h; path = SongsCpp.h; sourceTree = "<group>"; };
		C90DCBB225FE0E310097792C /* SongsCpp.mm */ = {isa = PBXFileReference; fileEncoding = 4; lastKnownFileType = sourcecode.cpp.objcpp; path = SongsCpp.mm; sourceTree = "<group>"; };
		C90DCBBA25FE162A0097792C /* libtag.a */ = {isa = PBXFileReference; lastKnownFileType = archive.ar; name = libtag.a; path = "../../repos/3rdParty_inplace/vcpkg/installed/arm64-ios-mega/lib/libtag.a"; sourceTree = "<group>"; };
		C90DCBBB25FE162A0097792C /* libtag_c.a */ = {isa = PBXFileReference; lastKnownFileType = archive.ar; name = libtag_c.a; path = "../../repos/3rdParty_inplace/vcpkg/installed/arm64-ios-mega/lib/libtag_c.a"; sourceTree = "<group>"; };
		C94FF3882411021800184998 /* EditSongVC.swift */ = {isa = PBXFileReference; lastKnownFileType = sourcecode.swift; path = EditSongVC.swift; sourceTree = "<group>"; };
		C962CA2225DF0F0300A77721 /* libsodium.a */ = {isa = PBXFileReference; lastKnownFileType = archive.ar; name = libsodium.a; path = "../../repos/3rdParty_inplace/vcpkg/installed/arm64-ios-mega/lib/libsodium.a"; sourceTree = "<group>"; };
		C962CA2725DF0F3400A77721 /* libcares.a */ = {isa = PBXFileReference; lastKnownFileType = archive.ar; name = libcares.a; path = "../../repos/3rdParty_inplace/vcpkg/installed/arm64-ios-mega/lib/libcares.a"; sourceTree = "<group>"; };
		C962CA2925DF0F4100A77721 /* libcryptopp.a */ = {isa = PBXFileReference; lastKnownFileType = archive.ar; name = libcryptopp.a; path = "../../repos/3rdParty_inplace/vcpkg/installed/arm64-ios-mega/lib/libcryptopp.a"; sourceTree = "<group>"; };
		C962CA2B25DF0F4700A77721 /* libcurl.a */ = {isa = PBXFileReference; lastKnownFileType = archive.ar; name = libcurl.a; path = "../../repos/3rdParty_inplace/vcpkg/installed/arm64-ios-mega/lib/libcurl.a"; sourceTree = "<group>"; };
		C962CA3025DF0F5000A77721 /* libz.a */ = {isa = PBXFileReference; lastKnownFileType = archive.ar; name = libz.a; path = "../../repos/3rdParty_inplace/vcpkg/installed/arm64-ios-mega/lib/libz.a"; sourceTree = "<group>"; };
		C962CA4A25DF6F1B00A77721 /* MEGASDK.xcodeproj */ = {isa = PBXFileReference; lastKnownFileType = "wrapper.pb-project"; name = MEGASDK.xcodeproj; path = ../../repos/sdk/bindings/ios/MEGASDK.xcodeproj; sourceTree = "<group>"; };
		C962CA6125DF76A300A77721 /* libMEGASDK.a */ = {isa = PBXFileReference; lastKnownFileType = archive.ar; name = libMEGASDK.a; path = "../../Library/Developer/Xcode/DerivedData/just-exploring-3-workspace-doaztuijosrjaravhejqxpjnphkm/Build/Products/Debug-iphoneos/libMEGASDK.a"; sourceTree = "<group>"; };
		C962CA6625DF77F300A77721 /* libssl.a */ = {isa = PBXFileReference; lastKnownFileType = archive.ar; name = libssl.a; path = "../../repos/3rdParty_inplace/vcpkg/installed/arm64-ios-mega/lib/libssl.a"; sourceTree = "<group>"; };
		C962CA6B25DF783400A77721 /* libcrypto.a */ = {isa = PBXFileReference; lastKnownFileType = archive.ar; name = libcrypto.a; path = "../../repos/3rdParty_inplace/vcpkg/installed/arm64-ios-mega/lib/libcrypto.a"; sourceTree = "<group>"; };
		C962CA7025DF784F00A77721 /* libsqlite3.a */ = {isa = PBXFileReference; lastKnownFileType = archive.ar; name = libsqlite3.a; path = "../../repos/3rdParty_inplace/vcpkg/installed/arm64-ios-mega/lib/libsqlite3.a"; sourceTree = "<group>"; };
		C962CA7225DF785E00A77721 /* libmediainfo.a */ = {isa = PBXFileReference; lastKnownFileType = archive.ar; name = libmediainfo.a; path = "../../repos/3rdParty_inplace/vcpkg/installed/arm64-ios-mega/lib/libmediainfo.a"; sourceTree = "<group>"; };
		C962CA7425DF786600A77721 /* libzen.a */ = {isa = PBXFileReference; lastKnownFileType = archive.ar; name = libzen.a; path = "../../repos/3rdParty_inplace/vcpkg/installed/arm64-ios-mega/lib/libzen.a"; sourceTree = "<group>"; };
		C96F3AD423BFC799008BF07D /* LoginStateModel.swift */ = {isa = PBXFileReference; lastKnownFileType = sourcecode.swift; path = LoginStateModel.swift; sourceTree = "<group>"; };
		C96F3AD623BFC995008BF07D /* PlayQueueModel.swift */ = {isa = PBXFileReference; lastKnownFileType = sourcecode.swift; path = PlayQueueModel.swift; sourceTree = "<group>"; };
		C96F3AD823BFDB87008BF07D /* MenuVC.swift */ = {isa = PBXFileReference; lastKnownFileType = sourcecode.swift; path = MenuVC.swift; sourceTree = "<group>"; };
		C96F3ADC23C01A07008BF07D /* StorageModel.swift */ = {isa = PBXFileReference; lastKnownFileType = sourcecode.swift; path = StorageModel.swift; sourceTree = "<group>"; };
		C97260FF23C72FAC0029871E /* MainTabBarController.swift */ = {isa = PBXFileReference; lastKnownFileType = sourcecode.swift; path = MainTabBarController.swift; sourceTree = "<group>"; };
		C9D3023F259834D400D52ADF /* PlaylistTVC.swift */ = {isa = PBXFileReference; lastKnownFileType = sourcecode.swift; path = PlaylistTVC.swift; sourceTree = "<group>"; };
		C9F1F70424FA5099008A31CB /* Songs++Info.plist */ = {isa = PBXFileReference; lastKnownFileType = text.plist.xml; name = "Songs++Info.plist"; path = "/Users/matt/Desktop/just-exploring-3/Songs++Info.plist"; sourceTree = "<absolute>"; };
/* End PBXFileReference section */

/* Begin PBXFrameworksBuildPhase section */
		84008B8F23603A4400BD633F /* Frameworks */ = {
			isa = PBXFrameworksBuildPhase;
			buildActionMask = 2147483647;
			files = (
				84D137E62363F37F006A2DE0 /* CoreMedia.framework in Frameworks */,
				84D137E42363F344006A2DE0 /* CoreServices.framework in Frameworks */,
				84D137E22363F272006A2DE0 /* libresolv.tbd in Frameworks */,
				C962CA2325DF0F0300A77721 /* libsodium.a in Frameworks */,
				C962CA3125DF0F5000A77721 /* libz.a in Frameworks */,
				C962CA2C25DF0F4700A77721 /* libcurl.a in Frameworks */,
				C962CA2A25DF0F4100A77721 /* libcryptopp.a in Frameworks */,
				84D137D82363F0C0006A2DE0 /* libc++.tbd in Frameworks */,
				C962CA2825DF0F3400A77721 /* libcares.a in Frameworks */,
				C962CA6225DF76A300A77721 /* libMEGASDK.a in Frameworks */,
				C962CA6725DF77F300A77721 /* libssl.a in Frameworks */,
				C962CA6C25DF783400A77721 /* libcrypto.a in Frameworks */,
				C962CA7125DF784F00A77721 /* libsqlite3.a in Frameworks */,
				C962CA7325DF785E00A77721 /* libmediainfo.a in Frameworks */,
				C962CA7525DF786600A77721 /* libzen.a in Frameworks */,
				C90DCBBD25FE162A0097792C /* libtag_c.a in Frameworks */,
				84008BC723604D8000BD633F /* AVKit.framework in Frameworks */,
				C90DCBBC25FE162A0097792C /* libtag.a in Frameworks */,
				84008BC523604D7000BD633F /* AVFoundation.framework in Frameworks */,
			);
			runOnlyForDeploymentPostprocessing = 0;
		};
		84008BA323603A5100BD633F /* Frameworks */ = {
			isa = PBXFrameworksBuildPhase;
			buildActionMask = 2147483647;
			files = (
			);
			runOnlyForDeploymentPostprocessing = 0;
		};
		84008BAE23603A5100BD633F /* Frameworks */ = {
			isa = PBXFrameworksBuildPhase;
			buildActionMask = 2147483647;
			files = (
			);
			runOnlyForDeploymentPostprocessing = 0;
		};
/* End PBXFrameworksBuildPhase section */

/* Begin PBXGroup section */
		84008B8923603A4400BD633F = {
			isa = PBXGroup;
			children = (
				8439AD9123A8C6DD00BC550A /* Songs++.entitlements */,
				842092B22363D60000DDE338 /* Bridging-Header.h */,
				84008B9423603A4400BD633F /* just-exploring-3 */,
				84008BA923603A5100BD633F /* just-exploring-3Tests */,
				84008BB423603A5100BD633F /* just-exploring-3UITests */,
				84008B9323603A4400BD633F /* Products */,
				84008BC323604D6F00BD633F /* Frameworks */,
				C9F1F70424FA5099008A31CB /* Songs++Info.plist */,
			);
			sourceTree = "<group>";
		};
		84008B9323603A4400BD633F /* Products */ = {
			isa = PBXGroup;
			children = (
				84008B9223603A4400BD633F /* Songs++.app */,
				84008BA623603A5100BD633F /* Songs++Tests.xctest */,
				84008BB123603A5100BD633F /* Songs++UITests.xctest */,
			);
			name = Products;
			sourceTree = "<group>";
		};
		84008B9423603A4400BD633F /* just-exploring-3 */ = {
			isa = PBXGroup;
			children = (
				84008B9923603A4400BD633F /* Main.storyboard */,
				84008B9523603A4400BD633F /* AppDelegate.swift */,
				C96F3AD623BFC995008BF07D /* PlayQueueModel.swift */,
				8498DB9823669FA50036B1F6 /* PlayQueueTVC.swift */,
				84559EE0237A9FB0005B8342 /* TableViewMusicCell.swift */,
				C96F3ADC23C01A07008BF07D /* StorageModel.swift */,
				8498DB8C23661DF80036B1F6 /* BrowseTVC.swift */,
				C90DCBB125FE0E310097792C /* SongsCpp.h */,
				C90DCBB225FE0E310097792C /* SongsCpp.mm */,
				84559EDF2372A737005B8342 /* just-exploring-3.entitlements */,
				84559EE2237BFFE4005B8342 /* AVAudioSessionPatch.h */,
				84559EE3237BFFFB005B8342 /* AVAudioSessionPatch.m */,
				8498DB90236652D00036B1F6 /* AVPlayerVC.swift */,
				8498DB8A236559830036B1F6 /* RequestHandler.swift */,
				8498DB8E236651080036B1F6 /* TransferHandler.swift */,
				84008B9723603A4400BD633F /* ViewController.swift */,
				C94FF3882411021800184998 /* EditSongVC.swift */,
				C97260FF23C72FAC0029871E /* MainTabBarController.swift */,
				C9D3023F259834D400D52ADF /* PlaylistTVC.swift */,
				C96F3AD823BFDB87008BF07D /* MenuVC.swift */,
				8498DB88236524F90036B1F6 /* LoginVC.swift */,
				C96F3AD423BFC799008BF07D /* LoginStateModel.swift */,
				84008B9C23603A5100BD633F /* Assets.xcassets */,
				84008B9E23603A5100BD633F /* LaunchScreen.storyboard */,
				84008BA123603A5100BD633F /* Info.plist */,
			);
			path = "just-exploring-3";
			sourceTree = "<group>";
		};
		84008BA923603A5100BD633F /* just-exploring-3Tests */ = {
			isa = PBXGroup;
			children = (
				84008BAA23603A5100BD633F /* just_exploring_3Tests.swift */,
				84008BAC23603A5100BD633F /* Info.plist */,
			);
			path = "just-exploring-3Tests";
			sourceTree = "<group>";
		};
		84008BB423603A5100BD633F /* just-exploring-3UITests */ = {
			isa = PBXGroup;
			children = (
				84008BB523603A5100BD633F /* just_exploring_3UITests.swift */,
				84008BB723603A5100BD633F /* Info.plist */,
			);
			path = "just-exploring-3UITests";
			sourceTree = "<group>";
		};
		84008BC323604D6F00BD633F /* Frameworks */ = {
			isa = PBXGroup;
			children = (
				C90DCBBB25FE162A0097792C /* libtag_c.a */,
				C90DCBBA25FE162A0097792C /* libtag.a */,
				C962CA7425DF786600A77721 /* libzen.a */,
				C962CA7225DF785E00A77721 /* libmediainfo.a */,
				C962CA7025DF784F00A77721 /* libsqlite3.a */,
				C962CA6B25DF783400A77721 /* libcrypto.a */,
				C962CA6625DF77F300A77721 /* libssl.a */,
				C962CA6125DF76A300A77721 /* libMEGASDK.a */,
				C962CA4A25DF6F1B00A77721 /* MEGASDK.xcodeproj */,
				C962CA3025DF0F5000A77721 /* libz.a */,
				C962CA2B25DF0F4700A77721 /* libcurl.a */,
				C962CA2925DF0F4100A77721 /* libcryptopp.a */,
				C962CA2725DF0F3400A77721 /* libcares.a */,
				C962CA2225DF0F0300A77721 /* libsodium.a */,
				84D137E52363F37F006A2DE0 /* CoreMedia.framework */,
				84D137E32363F343006A2DE0 /* CoreServices.framework */,
				84D137E12363F272006A2DE0 /* libresolv.tbd */,
				84D137DD2363F172006A2DE0 /* libsqlite3.tbd */,
				84D137DB2363F145006A2DE0 /* libz.tbd */,
				84D137D72363F0BF006A2DE0 /* libc++.tbd */,
				84008BC623604D8000BD633F /* AVKit.framework */,
				84008BC423604D7000BD633F /* AVFoundation.framework */,
			);
			name = Frameworks;
			sourceTree = "<group>";
		};
		C962CA4B25DF6F1B00A77721 /* Products */ = {
			isa = PBXGroup;
			children = (
				C962CA4F25DF6F1B00A77721 /* libMEGASDK.a */,
			);
			name = Products;
			sourceTree = "<group>";
		};
/* End PBXGroup section */

/* Begin PBXNativeTarget section */
		84008B9123603A4400BD633F /* Songs++ */ = {
			isa = PBXNativeTarget;
			buildConfigurationList = 84008BBA23603A5100BD633F /* Build configuration list for PBXNativeTarget "Songs++" */;
			buildPhases = (
				84008B8E23603A4400BD633F /* Sources */,
				84008B8F23603A4400BD633F /* Frameworks */,
				84008B9023603A4400BD633F /* Resources */,
			);
			buildRules = (
			);
			dependencies = (
			);
			name = "Songs++";
			productName = "just-exploring-3";
			productReference = 84008B9223603A4400BD633F /* Songs++.app */;
			productType = "com.apple.product-type.application";
		};
		84008BA523603A5100BD633F /* Songs++Tests */ = {
			isa = PBXNativeTarget;
			buildConfigurationList = 84008BBD23603A5100BD633F /* Build configuration list for PBXNativeTarget "Songs++Tests" */;
			buildPhases = (
				84008BA223603A5100BD633F /* Sources */,
				84008BA323603A5100BD633F /* Frameworks */,
				84008BA423603A5100BD633F /* Resources */,
			);
			buildRules = (
			);
			dependencies = (
				84008BA823603A5100BD633F /* PBXTargetDependency */,
			);
			name = "Songs++Tests";
			productName = "just-exploring-3Tests";
			productReference = 84008BA623603A5100BD633F /* Songs++Tests.xctest */;
			productType = "com.apple.product-type.bundle.unit-test";
		};
		84008BB023603A5100BD633F /* Songs++UITests */ = {
			isa = PBXNativeTarget;
			buildConfigurationList = 84008BC023603A5100BD633F /* Build configuration list for PBXNativeTarget "Songs++UITests" */;
			buildPhases = (
				84008BAD23603A5100BD633F /* Sources */,
				84008BAE23603A5100BD633F /* Frameworks */,
				84008BAF23603A5100BD633F /* Resources */,
			);
			buildRules = (
			);
			dependencies = (
				84008BB323603A5100BD633F /* PBXTargetDependency */,
			);
			name = "Songs++UITests";
			productName = "just-exploring-3UITests";
			productReference = 84008BB123603A5100BD633F /* Songs++UITests.xctest */;
			productType = "com.apple.product-type.bundle.ui-testing";
		};
/* End PBXNativeTarget section */

/* Begin PBXProject section */
		84008B8A23603A4400BD633F /* Project object */ = {
			isa = PBXProject;
			attributes = {
				LastSwiftUpdateCheck = 1010;
				LastUpgradeCheck = 1240;
				ORGANIZATIONNAME = mattweir;
				TargetAttributes = {
					84008B9123603A4400BD633F = {
						CreatedOnToolsVersion = 10.1;
						LastSwiftMigration = 1130;
						SystemCapabilities = {
							com.apple.BackgroundModes = {
								enabled = 1;
							};
							com.apple.DataProtection = {
								enabled = 1;
							};
						};
					};
					84008BA523603A5100BD633F = {
						CreatedOnToolsVersion = 10.1;
						LastSwiftMigration = 1150;
						TestTargetID = 84008B9123603A4400BD633F;
					};
					84008BB023603A5100BD633F = {
						CreatedOnToolsVersion = 10.1;
						LastSwiftMigration = 1150;
						TestTargetID = 84008B9123603A4400BD633F;
					};
				};
			};
			buildConfigurationList = 84008B8D23603A4400BD633F /* Build configuration list for PBXProject "Songs++" */;
			compatibilityVersion = "Xcode 9.3";
			developmentRegion = en;
			hasScannedForEncodings = 0;
			knownRegions = (
				en,
				Base,
			);
			mainGroup = 84008B8923603A4400BD633F;
			productRefGroup = 84008B9323603A4400BD633F /* Products */;
			projectDirPath = "";
			projectReferences = (
				{
					ProductGroup = C962CA4B25DF6F1B00A77721 /* Products */;
					ProjectRef = C962CA4A25DF6F1B00A77721 /* MEGASDK.xcodeproj */;
				},
			);
			projectRoot = "";
			targets = (
				84008B9123603A4400BD633F /* Songs++ */,
				84008BA523603A5100BD633F /* Songs++Tests */,
				84008BB023603A5100BD633F /* Songs++UITests */,
			);
		};
/* End PBXProject section */

/* Begin PBXReferenceProxy section */
		C962CA4F25DF6F1B00A77721 /* libMEGASDK.a */ = {
			isa = PBXReferenceProxy;
			fileType = archive.ar;
			path = libMEGASDK.a;
			remoteRef = C962CA4E25DF6F1B00A77721 /* PBXContainerItemProxy */;
			sourceTree = BUILT_PRODUCTS_DIR;
		};
/* End PBXReferenceProxy section */

/* Begin PBXResourcesBuildPhase section */
		84008B9023603A4400BD633F /* Resources */ = {
			isa = PBXResourcesBuildPhase;
			buildActionMask = 2147483647;
			files = (
				84008BA023603A5100BD633F /* LaunchScreen.storyboard in Resources */,
				84008B9D23603A5100BD633F /* Assets.xcassets in Resources */,
				84008B9B23603A4400BD633F /* Main.storyboard in Resources */,
			);
			runOnlyForDeploymentPostprocessing = 0;
		};
		84008BA423603A5100BD633F /* Resources */ = {
			isa = PBXResourcesBuildPhase;
			buildActionMask = 2147483647;
			files = (
			);
			runOnlyForDeploymentPostprocessing = 0;
		};
		84008BAF23603A5100BD633F /* Resources */ = {
			isa = PBXResourcesBuildPhase;
			buildActionMask = 2147483647;
			files = (
			);
			runOnlyForDeploymentPostprocessing = 0;
		};
/* End PBXResourcesBuildPhase section */

/* Begin PBXSourcesBuildPhase section */
		84008B8E23603A4400BD633F /* Sources */ = {
			isa = PBXSourcesBuildPhase;
			buildActionMask = 2147483647;
			files = (
				C96F3ADD23C01A07008BF07D /* StorageModel.swift in Sources */,
				C94FF3892411021800184998 /* EditSongVC.swift in Sources */,
				8498DB9923669FA50036B1F6 /* PlayQueueTVC.swift in Sources */,
				C972610023C72FAC0029871E /* MainTabBarController.swift in Sources */,
				C9D30240259834D400D52ADF /* PlaylistTVC.swift in Sources */,
				84559EE4237BFFFB005B8342 /* AVAudioSessionPatch.m in Sources */,
				C90DCBB325FE0E310097792C /* SongsCpp.mm in Sources */,
				84008B9823603A4400BD633F /* ViewController.swift in Sources */,
				C96F3AD723BFC995008BF07D /* PlayQueueModel.swift in Sources */,
				C96F3AD523BFC799008BF07D /* LoginStateModel.swift in Sources */,
				84008B9623603A4400BD633F /* AppDelegate.swift in Sources */,
				C96F3AD923BFDB87008BF07D /* MenuVC.swift in Sources */,
				8498DB8B236559830036B1F6 /* RequestHandler.swift in Sources */,
				8498DB91236652D00036B1F6 /* AVPlayerVC.swift in Sources */,
				84559EE1237A9FB0005B8342 /* TableViewMusicCell.swift in Sources */,
				8498DB8F236651080036B1F6 /* TransferHandler.swift in Sources */,
				8498DB89236524F90036B1F6 /* LoginVC.swift in Sources */,
				8498DB8D23661DF80036B1F6 /* BrowseTVC.swift in Sources */,
			);
			runOnlyForDeploymentPostprocessing = 0;
		};
		84008BA223603A5100BD633F /* Sources */ = {
			isa = PBXSourcesBuildPhase;
			buildActionMask = 2147483647;
			files = (
				84008BAB23603A5100BD633F /* just_exploring_3Tests.swift in Sources */,
			);
			runOnlyForDeploymentPostprocessing = 0;
		};
		84008BAD23603A5100BD633F /* Sources */ = {
			isa = PBXSourcesBuildPhase;
			buildActionMask = 2147483647;
			files = (
				84008BB623603A5100BD633F /* just_exploring_3UITests.swift in Sources */,
			);
			runOnlyForDeploymentPostprocessing = 0;
		};
/* End PBXSourcesBuildPhase section */

/* Begin PBXTargetDependency section */
		84008BA823603A5100BD633F /* PBXTargetDependency */ = {
			isa = PBXTargetDependency;
			target = 84008B9123603A4400BD633F /* Songs++ */;
			targetProxy = 84008BA723603A5100BD633F /* PBXContainerItemProxy */;
		};
		84008BB323603A5100BD633F /* PBXTargetDependency */ = {
			isa = PBXTargetDependency;
			target = 84008B9123603A4400BD633F /* Songs++ */;
			targetProxy = 84008BB223603A5100BD633F /* PBXContainerItemProxy */;
		};
/* End PBXTargetDependency section */

/* Begin PBXVariantGroup section */
		84008B9923603A4400BD633F /* Main.storyboard */ = {
			isa = PBXVariantGroup;
			children = (
				84008B9A23603A4400BD633F /* Base */,
			);
			name = Main.storyboard;
			sourceTree = "<group>";
		};
		84008B9E23603A5100BD633F /* LaunchScreen.storyboard */ = {
			isa = PBXVariantGroup;
			children = (
				84008B9F23603A5100BD633F /* Base */,
			);
			name = LaunchScreen.storyboard;
			sourceTree = "<group>";
		};
/* End PBXVariantGroup section */

/* Begin XCBuildConfiguration section */
		84008BB823603A5100BD633F /* Debug */ = {
			isa = XCBuildConfiguration;
			buildSettings = {
				ALWAYS_SEARCH_USER_PATHS = NO;
				CLANG_ANALYZER_NONNULL = YES;
				CLANG_ANALYZER_NUMBER_OBJECT_CONVERSION = YES_AGGRESSIVE;
				CLANG_CXX_LANGUAGE_STANDARD = "gnu++14";
				CLANG_CXX_LIBRARY = "libc++";
				CLANG_ENABLE_MODULES = YES;
				CLANG_ENABLE_OBJC_ARC = YES;
				CLANG_ENABLE_OBJC_WEAK = YES;
				CLANG_WARN_BLOCK_CAPTURE_AUTORELEASING = YES;
				CLANG_WARN_BOOL_CONVERSION = YES;
				CLANG_WARN_COMMA = YES;
				CLANG_WARN_CONSTANT_CONVERSION = YES;
				CLANG_WARN_DEPRECATED_OBJC_IMPLEMENTATIONS = YES;
				CLANG_WARN_DIRECT_OBJC_ISA_USAGE = YES_ERROR;
				CLANG_WARN_DOCUMENTATION_COMMENTS = YES;
				CLANG_WARN_EMPTY_BODY = YES;
				CLANG_WARN_ENUM_CONVERSION = YES;
				CLANG_WARN_INFINITE_RECURSION = YES;
				CLANG_WARN_INT_CONVERSION = YES;
				CLANG_WARN_NON_LITERAL_NULL_CONVERSION = YES;
				CLANG_WARN_OBJC_IMPLICIT_RETAIN_SELF = YES;
				CLANG_WARN_OBJC_LITERAL_CONVERSION = YES;
				CLANG_WARN_OBJC_ROOT_CLASS = YES_ERROR;
				CLANG_WARN_QUOTED_INCLUDE_IN_FRAMEWORK_HEADER = YES;
				CLANG_WARN_RANGE_LOOP_ANALYSIS = YES;
				CLANG_WARN_STRICT_PROTOTYPES = YES;
				CLANG_WARN_SUSPICIOUS_MOVE = YES;
				CLANG_WARN_UNGUARDED_AVAILABILITY = YES_AGGRESSIVE;
				CLANG_WARN_UNREACHABLE_CODE = YES;
				CLANG_WARN__DUPLICATE_METHOD_MATCH = YES;
				CODE_SIGN_IDENTITY = "iPhone Developer";
				COPY_PHASE_STRIP = NO;
				DEBUG_INFORMATION_FORMAT = dwarf;
				ENABLE_STRICT_OBJC_MSGSEND = YES;
				ENABLE_TESTABILITY = YES;
				GCC_C_LANGUAGE_STANDARD = gnu11;
				GCC_DYNAMIC_NO_PIC = NO;
				GCC_NO_COMMON_BLOCKS = YES;
				GCC_OPTIMIZATION_LEVEL = 0;
				GCC_PREPROCESSOR_DEFINITIONS = (
					"DEBUG=1",
					"$(inherited)",
				);
				GCC_WARN_64_TO_32_BIT_CONVERSION = YES;
				GCC_WARN_ABOUT_RETURN_TYPE = YES_ERROR;
				GCC_WARN_UNDECLARED_SELECTOR = YES;
				GCC_WARN_UNINITIALIZED_AUTOS = YES_AGGRESSIVE;
				GCC_WARN_UNUSED_FUNCTION = YES;
				GCC_WARN_UNUSED_VARIABLE = YES;
				IPHONEOS_DEPLOYMENT_TARGET = 13.0;
				MTL_ENABLE_DEBUG_INFO = INCLUDE_SOURCE;
				MTL_FAST_MATH = YES;
				ONLY_ACTIVE_ARCH = YES;
				SDKROOT = iphoneos;
				SWIFT_ACTIVE_COMPILATION_CONDITIONS = DEBUG;
				SWIFT_OPTIMIZATION_LEVEL = "-Onone";
			};
			name = Debug;
		};
		84008BB923603A5100BD633F /* Release */ = {
			isa = XCBuildConfiguration;
			buildSettings = {
				ALWAYS_SEARCH_USER_PATHS = NO;
				CLANG_ANALYZER_NONNULL = YES;
				CLANG_ANALYZER_NUMBER_OBJECT_CONVERSION = YES_AGGRESSIVE;
				CLANG_CXX_LANGUAGE_STANDARD = "gnu++14";
				CLANG_CXX_LIBRARY = "libc++";
				CLANG_ENABLE_MODULES = YES;
				CLANG_ENABLE_OBJC_ARC = YES;
				CLANG_ENABLE_OBJC_WEAK = YES;
				CLANG_WARN_BLOCK_CAPTURE_AUTORELEASING = YES;
				CLANG_WARN_BOOL_CONVERSION = YES;
				CLANG_WARN_COMMA = YES;
				CLANG_WARN_CONSTANT_CONVERSION = YES;
				CLANG_WARN_DEPRECATED_OBJC_IMPLEMENTATIONS = YES;
				CLANG_WARN_DIRECT_OBJC_ISA_USAGE = YES_ERROR;
				CLANG_WARN_DOCUMENTATION_COMMENTS = YES;
				CLANG_WARN_EMPTY_BODY = YES;
				CLANG_WARN_ENUM_CONVERSION = YES;
				CLANG_WARN_INFINITE_RECURSION = YES;
				CLANG_WARN_INT_CONVERSION = YES;
				CLANG_WARN_NON_LITERAL_NULL_CONVERSION = YES;
				CLANG_WARN_OBJC_IMPLICIT_RETAIN_SELF = YES;
				CLANG_WARN_OBJC_LITERAL_CONVERSION = YES;
				CLANG_WARN_OBJC_ROOT_CLASS = YES_ERROR;
				CLANG_WARN_QUOTED_INCLUDE_IN_FRAMEWORK_HEADER = YES;
				CLANG_WARN_RANGE_LOOP_ANALYSIS = YES;
				CLANG_WARN_STRICT_PROTOTYPES = YES;
				CLANG_WARN_SUSPICIOUS_MOVE = YES;
				CLANG_WARN_UNGUARDED_AVAILABILITY = YES_AGGRESSIVE;
				CLANG_WARN_UNREACHABLE_CODE = YES;
				CLANG_WARN__DUPLICATE_METHOD_MATCH = YES;
				CODE_SIGN_IDENTITY = "iPhone Developer";
				COPY_PHASE_STRIP = NO;
				DEBUG_INFORMATION_FORMAT = "dwarf-with-dsym";
				ENABLE_NS_ASSERTIONS = NO;
				ENABLE_STRICT_OBJC_MSGSEND = YES;
				GCC_C_LANGUAGE_STANDARD = gnu11;
				GCC_NO_COMMON_BLOCKS = YES;
				GCC_WARN_64_TO_32_BIT_CONVERSION = YES;
				GCC_WARN_ABOUT_RETURN_TYPE = YES_ERROR;
				GCC_WARN_UNDECLARED_SELECTOR = YES;
				GCC_WARN_UNINITIALIZED_AUTOS = YES_AGGRESSIVE;
				GCC_WARN_UNUSED_FUNCTION = YES;
				GCC_WARN_UNUSED_VARIABLE = YES;
				IPHONEOS_DEPLOYMENT_TARGET = 13.0;
				MTL_ENABLE_DEBUG_INFO = NO;
				MTL_FAST_MATH = YES;
				SDKROOT = iphoneos;
				SWIFT_COMPILATION_MODE = wholemodule;
				SWIFT_OPTIMIZATION_LEVEL = "-O";
				VALIDATE_PRODUCT = YES;
			};
			name = Release;
		};
		84008BBB23603A5100BD633F /* Debug */ = {
			isa = XCBuildConfiguration;
			buildSettings = {
				ASSETCATALOG_COMPILER_APPICON_NAME = AppIcon;
				CODE_SIGN_ENTITLEMENTS = "Songs++.entitlements";
				CODE_SIGN_IDENTITY = "Apple Development";
				CODE_SIGN_STYLE = Automatic;
				DEVELOPMENT_TEAM = FF48ESATNC;
				ENABLE_BITCODE = NO;
				HEADER_SEARCH_PATHS = (
					/Users/matt/repos/sdk/bindings/ios,
					"/Users/matt/repos/3rdParty_inplace/vcpkg/installed/arm64-ios-mega/include",
				);
				INFOPLIST_FILE = "just-exploring-3/Info.plist";
				IPHONEOS_DEPLOYMENT_TARGET = 13.2;
				LD_RUNPATH_SEARCH_PATHS = (
					"$(inherited)",
					"@executable_path/Frameworks",
				);
				LIBRARY_SEARCH_PATHS = (
					"$(inherited)",
					"/Users/matt/repos/3rdParty_inplace/vcpkg/installed/arm64-ios-mega/lib/",
					"/Users/matt/repos/sdk/contrib/cmake/cmake-build-ios/Release-iphoneos",
				);
				PRODUCT_BUNDLE_IDENTIFIER = "mattweir.songs-plus-plus";
				PRODUCT_NAME = "Songs++";
				PROVISIONING_PROFILE_SPECIFIER = "";
				SWIFT_OBJC_BRIDGING_HEADER = "Bridging-Header.h";
				SWIFT_VERSION = 5.0;
				TARGETED_DEVICE_FAMILY = 1;
			};
			name = Debug;
		};
		84008BBC23603A5100BD633F /* Release */ = {
			isa = XCBuildConfiguration;
			buildSettings = {
				ASSETCATALOG_COMPILER_APPICON_NAME = AppIcon;
				CODE_SIGN_ENTITLEMENTS = "Songs++.entitlements";
				CODE_SIGN_IDENTITY = "Apple Development";
				CODE_SIGN_STYLE = Manual;
				DEVELOPMENT_TEAM = "";
				ENABLE_BITCODE = NO;
				HEADER_SEARCH_PATHS = (
					/Users/matt/repos/sdk/bindings/ios,
					"/Users/matt/repos/3rdParty_inplace/vcpkg/installed/arm64-ios-mega/include",
				);
				INFOPLIST_FILE = "just-exploring-3/Info.plist";
				IPHONEOS_DEPLOYMENT_TARGET = 13.2;
				LD_RUNPATH_SEARCH_PATHS = (
					"$(inherited)",
					"@executable_path/Frameworks",
				);
				LIBRARY_SEARCH_PATHS = (
					"$(inherited)",
					"/Users/matt/repos/3rdParty_inplace/vcpkg/installed/arm64-ios-mega/lib/",
					"/Users/matt/repos/sdk/contrib/cmake/cmake-build-ios/Release-iphoneos",
				);
				PRODUCT_BUNDLE_IDENTIFIER = "mattweir.songs-plus-plus";
				PRODUCT_NAME = "Songs++";
				PROVISIONING_PROFILE_SPECIFIER = "";
				SWIFT_OBJC_BRIDGING_HEADER = "Bridging-Header.h";
				SWIFT_VERSION = 5.0;
				TARGETED_DEVICE_FAMILY = 1;
			};
			name = Release;
		};
		84008BBE23603A5100BD633F /* Debug */ = {
			isa = XCBuildConfiguration;
			buildSettings = {
				ALWAYS_EMBED_SWIFT_STANDARD_LIBRARIES = YES;
				BUNDLE_LOADER = "$(TEST_HOST)";
				CODE_SIGN_STYLE = Automatic;
				DEVELOPMENT_TEAM = FF48ESATNC;
				INFOPLIST_FILE = "just-exploring-3Tests/Info.plist";
				LD_RUNPATH_SEARCH_PATHS = (
					"$(inherited)",
					"@executable_path/Frameworks",
					"@loader_path/Frameworks",
				);
				PRODUCT_BUNDLE_IDENTIFIER = "mattweir.just-exploring-3Tests";
				PRODUCT_NAME = "$(TARGET_NAME)";
				SWIFT_VERSION = 4.2;
				TARGETED_DEVICE_FAMILY = "1,2";
				TEST_HOST = "$(BUILT_PRODUCTS_DIR)/Songs++.app/Songs++";
			};
			name = Debug;
		};
		84008BBF23603A5100BD633F /* Release */ = {
			isa = XCBuildConfiguration;
			buildSettings = {
				ALWAYS_EMBED_SWIFT_STANDARD_LIBRARIES = YES;
				BUNDLE_LOADER = "$(TEST_HOST)";
				CODE_SIGN_STYLE = Automatic;
				DEVELOPMENT_TEAM = FF48ESATNC;
				INFOPLIST_FILE = "just-exploring-3Tests/Info.plist";
				LD_RUNPATH_SEARCH_PATHS = (
					"$(inherited)",
					"@executable_path/Frameworks",
					"@loader_path/Frameworks",
				);
				PRODUCT_BUNDLE_IDENTIFIER = "mattweir.just-exploring-3Tests";
				PRODUCT_NAME = "$(TARGET_NAME)";
				SWIFT_VERSION = 4.2;
				TARGETED_DEVICE_FAMILY = "1,2";
				TEST_HOST = "$(BUILT_PRODUCTS_DIR)/Songs++.app/Songs++";
			};
			name = Release;
		};
		84008BC123603A5100BD633F /* Debug */ = {
			isa = XCBuildConfiguration;
			buildSettings = {
				ALWAYS_EMBED_SWIFT_STANDARD_LIBRARIES = YES;
				CODE_SIGN_STYLE = Automatic;
				DEVELOPMENT_TEAM = FF48ESATNC;
				INFOPLIST_FILE = "just-exploring-3UITests/Info.plist";
				LD_RUNPATH_SEARCH_PATHS = (
					"$(inherited)",
					"@executable_path/Frameworks",
					"@loader_path/Frameworks",
				);
				PRODUCT_BUNDLE_IDENTIFIER = "mattweir.just-exploring-3UITests";
				PRODUCT_NAME = "$(TARGET_NAME)";
				SWIFT_VERSION = 4.2;
				TARGETED_DEVICE_FAMILY = "1,2";
				TEST_TARGET_NAME = "just-exploring-3";
			};
			name = Debug;
		};
		84008BC223603A5100BD633F /* Release */ = {
			isa = XCBuildConfiguration;
			buildSettings = {
				ALWAYS_EMBED_SWIFT_STANDARD_LIBRARIES = YES;
				CODE_SIGN_STYLE = Automatic;
				DEVELOPMENT_TEAM = FF48ESATNC;
				INFOPLIST_FILE = "just-exploring-3UITests/Info.plist";
				LD_RUNPATH_SEARCH_PATHS = (
					"$(inherited)",
					"@executable_path/Frameworks",
					"@loader_path/Frameworks",
				);
				PRODUCT_BUNDLE_IDENTIFIER = "mattweir.just-exploring-3UITests";
				PRODUCT_NAME = "$(TARGET_NAME)";
				SWIFT_VERSION = 4.2;
				TARGETED_DEVICE_FAMILY = "1,2";
				TEST_TARGET_NAME = "just-exploring-3";
			};
			name = Release;
		};
/* End XCBuildConfiguration section */

/* Begin XCConfigurationList section */
		84008B8D23603A4400BD633F /* Build configuration list for PBXProject "Songs++" */ = {
			isa = XCConfigurationList;
			buildConfigurations = (
				84008BB823603A5100BD633F /* Debug */,
				84008BB923603A5100BD633F /* Release */,
			);
			defaultConfigurationIsVisible = 0;
			defaultConfigurationName = Release;
		};
		84008BBA23603A5100BD633F /* Build configuration list for PBXNativeTarget "Songs++" */ = {
			isa = XCConfigurationList;
			buildConfigurations = (
				84008BBB23603A5100BD633F /* Debug */,
				84008BBC23603A5100BD633F /* Release */,
			);
			defaultConfigurationIsVisible = 0;
			defaultConfigurationName = Release;
		};
		84008BBD23603A5100BD633F /* Build configuration list for PBXNativeTarget "Songs++Tests" */ = {
			isa = XCConfigurationList;
			buildConfigurations = (
				84008BBE23603A5100BD633F /* Debug */,
				84008BBF23603A5100BD633F /* Release */,
			);
			defaultConfigurationIsVisible = 0;
			defaultConfigurationName = Release;
		};
		84008BC023603A5100BD633F /* Build configuration list for PBXNativeTarget "Songs++UITests" */ = {
			isa = XCConfigurationList;
			buildConfigurations = (
				84008BC123603A5100BD633F /* Debug */,
				84008BC223603A5100BD633F /* Release */,
			);
			defaultConfigurationIsVisible = 0;
			defaultConfigurationName = Release;
		};
/* End XCConfigurationList section */
	};
	rootObject = 84008B8A23603A4400BD633F /* Project object */;
}
